
Microsoft Visual Studio Solution File, Format Version 12.00
# Visual Studio Version 17
VisualStudioVersion = 17.9.34714.143
MinimumVisualStudioVersion = 10.0.40219.1
Project("{FAE04EC0-301F-11D3-BF4B-00C04F79EFBC}") = "Zadanie6", "Zadanie6\Zadanie6.csproj", "{5B1E7D7F-C4BF-41AD-A232-26C08F580BA7}"
EndProject
Global
	GlobalSection(SolutionConfigurationPlatforms) = preSolution
		Debug|Any CPU = Debug|Any CPU
		Release|Any CPU = Release|Any CPU
	EndGlobalSection
	GlobalSection(ProjectConfigurationPlatforms) = postSolution
		{5B1E7D7F-C4BF-41AD-A232-26C08F580BA7}.Debug|Any CPU.ActiveCfg = Debug|Any CPU
		{5B1E7D7F-C4BF-41AD-A232-26C08F580BA7}.Debug|Any CPU.Build.0 = Debug|Any CPU
		{5B1E7D7F-C4BF-41AD-A232-26C08F580BA7}.Release|Any CPU.ActiveCfg = Release|Any CPU
		{5B1E7D7F-C4BF-41AD-A232-26C08F580BA7}.Release|Any CPU.Build.0 = Release|Any CPU
	EndGlobalSection
	GlobalSection(SolutionProperties) = preSolution
		HideSolutionNode = FALSE
	EndGlobalSection
	GlobalSection(ExtensibilityGlobals) = postSolution
		SolutionGuid = {02E4EB51-CCF9-4A83-8FBC-C82589895D33}
	EndGlobalSection
EndGlobal
